
Microsoft Visual Studio Solution File, Format Version 12.00
# Visual Studio Version 17
VisualStudioVersion = 17.13.35825.156 d17.13
MinimumVisualStudioVersion = 10.0.40219.1
Project("{888888A0-9F3D-457C-B088-3A5042F75D52}") = "Multiproc", "Multiproc.pyproj", "{26CCED3C-CED7-4129-B47A-EE79DC882CFC}"
EndProject
Global
	GlobalSection(SolutionConfigurationPlatforms) = preSolution
		Debug|Any CPU = Debug|Any CPU
		Release|Any CPU = Release|Any CPU
	EndGlobalSection
	GlobalSection(ProjectConfigurationPlatforms) = postSolution
		{26CCED3C-CED7-4129-B47A-EE79DC882CFC}.Debug|Any CPU.ActiveCfg = Debug|Any CPU
		{26CCED3C-CED7-4129-B47A-EE79DC882CFC}.Release|Any CPU.ActiveCfg = Release|Any CPU
	EndGlobalSection
	GlobalSection(SolutionProperties) = preSolution
		HideSolutionNode = FALSE
	EndGlobalSection
	GlobalSection(ExtensibilityGlobals) = postSolution
		SolutionGuid = {B157F3BD-6760-4774-BDA6-5666E09B949C}
	EndGlobalSection
EndGlobal
